{
  "requires": true,
  "lockfileVersion": 1,
  "dependencies": {
    "@babel/helper-string-parser": {
      "version": "7.22.5",
      "resolved": "https://registry.npmjs.org/@babel/helper-string-parser/-/helper-string-parser-7.22.5.tgz",
      "integrity": "sha512-mM4COjgZox8U+JcXQwPijIZLElkgEpO5rsERVDJTc2qfCDfERyob6k5WegS14SX18IIjv+XD+GrqNumY5JRCDw==",
      "dev": true
    },
    "@babel/helper-validator-identifier": {
      "version": "7.22.20",
      "resolved": "https://registry.npmjs.org/@babel/helper-validator-identifier/-/helper-validator-identifier-7.22.20.tgz",
      "integrity": "sha512-Y4OZ+ytlatR8AI+8KZfKuL5urKp7qey08ha31L8b3BwewJAoJamTzyvxPR/5D+KkdJCGPq/+8TukHBlY10FX9A==",
      "dev": true
    },
    "@babel/parser": {
      "version": "7.23.3",
      "resolved": "https://registry.npmjs.org/@babel/parser/-/parser-7.23.3.tgz",
      "integrity": "sha512-uVsWNvlVsIninV2prNz/3lHCb+5CJ+e+IUBfbjToAHODtfGYLfCFuY4AU7TskI+dAKk+njsPiBjq1gKTvZOBaw==",
      "dev": true
    },
    "@babel/types": {
      "version": "7.23.3",
      "resolved": "https://registry.npmjs.org/@babel/types/-/types-7.23.3.tgz",
      "integrity": "sha512-OZnvoH2l8PK5eUvEcUyCt/sXgr/h+UWpVuBbOljwcrAgUl6lpchoQ++PHGyQy1AtYnVA6CEq3y5xeEI10brpXw==",
      "dev": true,
      "requires": {
        "@babel/helper-string-parser": "^7.22.5",
        "@babel/helper-validator-identifier": "^7.22.20",
        "to-fast-properties": "^2.0.0"
      }
    },
    "@types/babel__code-frame": {
      "version": "7.0.6",
      "resolved": "https://registry.npmjs.org/@types/babel__code-frame/-/babel__code-frame-7.0.6.tgz",
      "integrity": "sha512-Anitqkl3+KrzcW2k77lRlg/GfLZLWXBuNgbEcIOU6M92yw42vsd3xV/Z/yAHEj8m+KUjL6bWOVOFqX8PFPJ4LA==",
      "dev": true
    },
    "@types/babel__core": {
      "version": "7.20.4",
      "resolved": "https://registry.npmjs.org/@types/babel__core/-/babel__core-7.20.4.tgz",
      "integrity": "sha512-mLnSC22IC4vcWiuObSRjrLd9XcBTGf59vUSoq2jkQDJ/QQ8PMI9rSuzE+aEV8karUMbskw07bKYoUJCKTUaygg==",
      "dev": true,
      "requires": {
        "@babel/parser": "^7.20.7",
        "@babel/types": "^7.20.7",
        "@types/babel__generator": "*",
        "@types/babel__template": "*",
        "@types/babel__traverse": "*"
      }
    },
    "@types/babel__generator": {
      "version": "7.6.7",
      "resolved": "https://registry.npmjs.org/@types/babel__generator/-/babel__generator-7.6.7.tgz",
      "integrity": "sha512-6Sfsq+EaaLrw4RmdFWE9Onp63TOUue71AWb4Gpa6JxzgTYtimbM086WnYTy2U67AofR++QKCo08ZP6pwx8YFHQ==",
      "dev": true,
      "requires": {
        "@babel/types": "^7.0.0"
      }
    },
    "@types/babel__template": {
      "version": "7.4.4",
      "resolved": "https://registry.npmjs.org/@types/babel__template/-/babel__template-7.4.4.tgz",
      "integrity": "sha512-h/NUaSyG5EyxBIp8YRxo4RMe2/qQgvyowRwVMzhYhBCONbW8PUsg4lkFMrhgZhUe5z3L3MiLDuvyJ/CaPa2A8A==",
      "dev": true,
      "requires": {
        "@babel/parser": "^7.1.0",
        "@babel/types": "^7.0.0"
      }
    },
    "@types/babel__traverse": {
      "version": "7.20.4",
      "resolved": "https://registry.npmjs.org/@types/babel__traverse/-/babel__traverse-7.20.4.tgz",
      "integrity": "sha512-mSM/iKUk5fDDrEV/e83qY+Cr3I1+Q3qqTuEn++HAWYjEa1+NxZr6CNrcJGf2ZTnq4HoFGC3zaTPZTobCzCFukA==",
      "dev": true,
      "requires": {
        "@babel/types": "^7.20.7"
      }
    },
    "@types/gensync": {
      "version": "1.0.3",
      "resolved": "https://registry.npmjs.org/@types/gensync/-/gensync-1.0.3.tgz",
      "integrity": "sha512-oDvbXfdZe5UcdOyZViC2FZEINJrro8JJ2PRGdF5WLE3FjKnjDcTl8OaM68eaeDM/R0hjqFlqG01nWaKG5ljOKA==",
      "dev": true
    },
    "@types/node": {
      "version": "20.9.0",
      "resolved": "https://registry.npmjs.org/@types/node/-/node-20.9.0.tgz",
      "integrity": "sha512-nekiGu2NDb1BcVofVcEKMIwzlx4NjHlcjhoxxKBNLtz15Y1z7MYf549DFvkHSId02Ax6kGwWntIBPC3l/JZcmw==",
      "dev": true,
      "requires": {
        "undici-types": "~5.26.4"
      }
    },
    "@types/prop-types": {
      "version": "15.7.10",
      "resolved": "https://registry.npmjs.org/@types/prop-types/-/prop-types-15.7.10.tgz",
      "integrity": "sha512-mxSnDQxPqsZxmeShFH+uwQ4kO4gcJcGahjjMFeLbKE95IAZiiZyiEepGZjtXJ7hN/yfu0bu9xN2ajcU0JcxX6A==",
      "dev": true
    },
    "@types/react": {
      "version": "18.2.37",
      "resolved": "https://registry.npmjs.org/@types/react/-/react-18.2.37.tgz",
      "integrity": "sha512-RGAYMi2bhRgEXT3f4B92WTohopH6bIXw05FuGlmJEnv/omEn190+QYEIYxIAuIBdKgboYYdVved2p1AxZVQnaw==",
      "dev": true,
      "requires": {
        "@types/prop-types": "*",
        "@types/scheduler": "*",
        "csstype": "^3.0.2"
      }
    },
    "@types/react-dom": {
      "version": "18.2.15",
      "resolved": "https://registry.npmjs.org/@types/react-dom/-/react-dom-18.2.15.tgz",
      "integrity": "sha512-HWMdW+7r7MR5+PZqJF6YFNSCtjz1T0dsvo/f1BV6HkV+6erD/nA7wd9NM00KVG83zf2nJ7uATPO9ttdIPvi3gg==",
      "dev": true,
      "requires": {
        "@types/react": "*"
      }
    },
    "@types/scheduler": {
      "version": "0.16.6",
      "resolved": "https://registry.npmjs.org/@types/scheduler/-/scheduler-0.16.6.tgz",
      "integrity": "sha512-Vlktnchmkylvc9SnwwwozTv04L/e1NykF5vgoQ0XTmI8DD+wxfjQuHuvHS3p0r2jz2x2ghPs2h1FVeDirIteWA==",
      "dev": true
    },
    "@types/semver": {
      "version": "7.5.5",
      "resolved": "https://registry.npmjs.org/@types/semver/-/semver-7.5.5.tgz",
      "integrity": "sha512-+d+WYC1BxJ6yVOgUgzK8gWvp5qF8ssV5r4nsDcZWKRWcDQLQ619tvWAxJQYGgBrO1MnLJC7a5GtiYsAoQ47dJg==",
      "dev": true
    },
    "csstype": {
      "version": "3.1.2",
      "resolved": "https://registry.npmjs.org/csstype/-/csstype-3.1.2.tgz",
      "integrity": "sha512-I7K1Uu0MBPzaFKg4nI5Q7Vs2t+3gWWW648spaF+Rg7pI9ds18Ugn+lvg4SHczUdKlHI5LWBXyqfS8+DufyBsgQ==",
      "dev": true
    },
    "to-fast-properties": {
      "version": "2.0.0",
      "resolved": "https://registry.npmjs.org/to-fast-properties/-/to-fast-properties-2.0.0.tgz",
      "integrity": "sha512-/OaKK0xYrs3DmxRYqL/yDc+FxFUVYhDlXMhRmv3z915w2HF1tnN1omB354j8VUGO/hbRzyD6Y3sA7v7GS/ceog==",
      "dev": true
    },
    "types-registry": {
      "version": "0.1.670",
      "resolved": "https://registry.npmjs.org/types-registry/-/types-registry-0.1.670.tgz",
      "integrity": "sha512-oWv0FeKlUc3vzvDxlCx+XrPDwzZa5dyJd6EwWqOcfaRfrgJkFC2zO68P3NtNM3OQjCXKw+ceYX30Bc6Etcas8A=="
    },
    "undici-types": {
      "version": "5.26.5",
      "resolved": "https://registry.npmjs.org/undici-types/-/undici-types-5.26.5.tgz",
      "integrity": "sha512-JlCMO+ehdEIKqlFxk6IfVoAUVmgz7cU7zD/h9XZ0qzeosSHmUJVOzSQvvYSYWXkFXC+IfLKSIffhv0sVZup6pA==",
      "dev": true
    }
  }
}
